
Microsoft Visual Studio Solution File, Format Version 12.00
# Visual Studio Version 16
VisualStudioVersion = 16.0.29306.81
MinimumVisualStudioVersion = 10.0.40219.1
Project("{FAE04EC0-301F-11D3-BF4B-00C04F79EFBC}") = "FileReadAndWrite", "FileReadAndWrite\FileReadAndWrite.csproj", "{0603FAE9-0ADD-4613-8A59-98AFD042F89F}"
EndProject
Global
	GlobalSection(SolutionConfigurationPlatforms) = preSolution
		Debug|Any CPU = Debug|Any CPU
		Release|Any CPU = Release|Any CPU
	EndGlobalSection
	GlobalSection(ProjectConfigurationPlatforms) = postSolution
		{0603FAE9-0ADD-4613-8A59-98AFD042F89F}.Debug|Any CPU.ActiveCfg = Debug|Any CPU
		{0603FAE9-0ADD-4613-8A59-98AFD042F89F}.Debug|Any CPU.Build.0 = Debug|Any CPU
		{0603FAE9-0ADD-4613-8A59-98AFD042F89F}.Release|Any CPU.ActiveCfg = Release|Any CPU
		{0603FAE9-0ADD-4613-8A59-98AFD042F89F}.Release|Any CPU.Build.0 = Release|Any CPU
	EndGlobalSection
	GlobalSection(SolutionProperties) = preSolution
		HideSolutionNode = FALSE
	EndGlobalSection
	GlobalSection(ExtensibilityGlobals) = postSolution
		SolutionGuid = {49A66AC7-58D2-4EA0-9C6C-BCBD1F3EB8D2}
	EndGlobalSection
EndGlobal
